
Microsoft Visual Studio Solution File, Format Version 12.00
# Visual Studio Version 17
VisualStudioVersion = 17.4.33103.184
MinimumVisualStudioVersion = 10.0.40219.1
Project("{F2A71F9B-5D33-465A-A702-920D77279786}") = "HelloSquare", "HelloSquare\HelloSquare.fsproj", "{97AEDCF0-377E-4D61-A72A-393D7E754F4E}"
EndProject
Global
	GlobalSection(SolutionConfigurationPlatforms) = preSolution
		Debug|Any CPU = Debug|Any CPU
		Release|Any CPU = Release|Any CPU
	EndGlobalSection
	GlobalSection(ProjectConfigurationPlatforms) = postSolution
		{97AEDCF0-377E-4D61-A72A-393D7E754F4E}.Debug|Any CPU.ActiveCfg = Debug|Any CPU
		{97AEDCF0-377E-4D61-A72A-393D7E754F4E}.Debug|Any CPU.Build.0 = Debug|Any CPU
		{97AEDCF0-377E-4D61-A72A-393D7E754F4E}.Release|Any CPU.ActiveCfg = Release|Any CPU
		{97AEDCF0-377E-4D61-A72A-393D7E754F4E}.Release|Any CPU.Build.0 = Release|Any CPU
	EndGlobalSection
	GlobalSection(SolutionProperties) = preSolution
		HideSolutionNode = FALSE
	EndGlobalSection
	GlobalSection(ExtensibilityGlobals) = postSolution
		SolutionGuid = {39AAB1B1-29A7-41B2-8FAF-FBC2DA9338E3}
	EndGlobalSection
EndGlobal
